{
  "name": "Skinet",
  "lockfileVersion": 3,
  "requires": true,
  "packages": {
    "": {
      "dependencies": {
        "@primeicons/angular": "^8.0.0-alpha.1"
      }
    },
    "node_modules/@angular/core": {
      "version": "21.2.17",
      "resolved": "https://registry.npmjs.org/@angular/core/-/core-21.2.17.tgz",
      "integrity": "sha512-wYHpwIdnUnjQFOJJNqRcGx7LS3u64jT+R9L0TnMR/ViBM9dQgGYImlSikkftg2yrFCNo5aKRxhG2LLskQurVdg==",
      "license": "MIT",
      "peer": true,
      "dependencies": {
        "tslib": "^2.3.0"
      },
      "engines": {
        "node": "^20.19.0 || ^22.12.0 || >=24.0.0"
      },
      "peerDependencies": {
        "@angular/compiler": "21.2.17",
        "rxjs": "^6.5.3 || ^7.4.0",
        "zone.js": "~0.15.0 || ~0.16.0"
      },
      "peerDependenciesMeta": {
        "@angular/compiler": {
          "optional": true
        },
        "zone.js": {
          "optional": true
        }
      }
    },
    "node_modules/@primeicons/angular": {
      "version": "8.0.0-alpha.1",
      "resolved": "https://registry.npmjs.org/@primeicons/angular/-/angular-8.0.0-alpha.1.tgz",
      "integrity": "sha512-5PXObNQ9SS8OQLFwIrn3shIKy3HIfC1k2uJQMmIq94bthg+CedY5J/2EX1R1Jk9GLUMWUBb/ti3Vqr99MCKN6Q==",
      "license": "MIT",
      "dependencies": {
        "@primeicons/core": "8.0.0-alpha.1",
        "@primeuix/utils": "^0.6.4",
        "tslib": "^2"
      },
      "peerDependencies": {
        "@angular/core": ">=21"
      }
    },
    "node_modules/@primeicons/core": {
      "version": "8.0.0-alpha.1",
      "resolved": "https://registry.npmjs.org/@primeicons/core/-/core-8.0.0-alpha.1.tgz",
      "integrity": "sha512-FjipxrQKiZae/dhspo4s7zUQEat7SjK4tfoiCR3FQh5biaj7LlZFkMmwHkBCQzlVYAujSjRiOdMjPe2jcT6P7A==",
      "license": "MIT",
      "dependencies": {
        "@primeuix/utils": "^0.6.4"
      }
    },
    "node_modules/@primeuix/utils": {
      "version": "0.6.4",
      "resolved": "https://registry.npmjs.org/@primeuix/utils/-/utils-0.6.4.tgz",
      "integrity": "sha512-pZ5f+vj7wSzRhC7KoEQRU5fvYAe+RP9+m39CTscZ3UywCD1Y2o6Fe1rRgklMPSkzUcty2jzkA0zMYkiJBD1hgg==",
      "license": "MIT",
      "engines": {
        "node": ">=12.11.0"
      }
    },
    "node_modules/rxjs": {
      "version": "7.8.2",
      "resolved": "https://registry.npmjs.org/rxjs/-/rxjs-7.8.2.tgz",
      "integrity": "sha512-dhKf903U/PQZY6boNNtAGdWbG85WAbjT/1xYoZIC7FAY0yWapOBQVsVrDl58W86//e1VpMNBtRV4MaXfdMySFA==",
      "license": "Apache-2.0",
      "peer": true,
      "dependencies": {
        "tslib": "^2.1.0"
      }
    },
    "node_modules/tslib": {
      "version": "2.8.1",
      "resolved": "https://registry.npmjs.org/tslib/-/tslib-2.8.1.tgz",
      "integrity": "sha512-oJFu94HQb+KVduSUQL7wnpmqnfmLsOA/nAh6b6EH0wCEoK0/mPeXU6c3wKDV83MkOuHPRHtSXKKU99IBazS/2w==",
      "license": "0BSD"
    }
  }
}
